// !$*UTF8*$!
{
	archiveVersion = 1;
	classes = {
	};
	objectVersion = 46;
	objects = {

/* Begin PBXBuildFile section */
		4845C37D1C495763002F80E5 /* AppDelegate.swift in Sources */ = {isa = PBXBuildFile; fileRef = 4845C37C1C495763002F80E5 /* AppDelegate.swift */; };
		4845C37F1C49576A002F80E5 /* HomeViewController.swift in Sources */ = {isa = PBXBuildFile; fileRef = 4845C37E1C49576A002F80E5 /* HomeViewController.swift */; };
		4845C3811C495774002F80E5 /* Images.xcassets in Resources */ = {isa = PBXBuildFile; fileRef = 4845C3801C495774002F80E5 /* Images.xcassets */; };
		4845C3831C49579D002F80E5 /* helloworld-ios-app-Info.plist in Resources */ = {isa = PBXBuildFile; fileRef = 4845C3821C49579D002F80E5 /* helloworld-ios-app-Info.plist */; };
		4845C3851C4957A4002F80E5 /* fhconfig.plist in Resources */ = {isa = PBXBuildFile; fileRef = 4845C3841C4957A4002F80E5 /* fhconfig.plist */; };
		48ED7C591C031A02000A368F /* Storyboard.storyboard in Resources */ = {isa = PBXBuildFile; fileRef = 48ED7C581C031A02000A368F /* Storyboard.storyboard */; };
		48ED7C5D1C031AD2000A368F /* libxml2.tbd in Frameworks */ = {isa = PBXBuildFile; fileRef = 48ED7C5C1C031AD2000A368F /* libxml2.tbd */; };
		48ED7C5F1C031AD8000A368F /* libz.tbd in Frameworks */ = {isa = PBXBuildFile; fileRef = 48ED7C5E1C031AD8000A368F /* libz.tbd */; };
		48ED7C611C031C3C000A368F /* CFNetwork.framework in Frameworks */ = {isa = PBXBuildFile; fileRef = 48ED7C601C031C3C000A368F /* CFNetwork.framework */; };
		48ED7C631C031CA5000A368F /* SystemConfiguration.framework in Frameworks */ = {isa = PBXBuildFile; fileRef = 48ED7C621C031CA5000A368F /* SystemConfiguration.framework */; };
		48ED7C651C031CAC000A368F /* MobileCoreServices.framework in Frameworks */ = {isa = PBXBuildFile; fileRef = 48ED7C641C031CAC000A368F /* MobileCoreServices.framework */; };
		48ED7C671C031CB8000A368F /* CoreGraphics.framework in Frameworks */ = {isa = PBXBuildFile; fileRef = 48ED7C661C031CB8000A368F /* CoreGraphics.framework */; };
		48ED7C691C031CC0000A368F /* UIKit.framework in Frameworks */ = {isa = PBXBuildFile; fileRef = 48ED7C681C031CC0000A368F /* UIKit.framework */; };
		48ED7C6B1C031CCB000A368F /* Foundation.framework in Frameworks */ = {isa = PBXBuildFile; fileRef = 48ED7C6A1C031CCB000A368F /* Foundation.framework */; };
		48ED7C6F1C031F01000A368F /* LaunchScreen.storyboard in Resources */ = {isa = PBXBuildFile; fileRef = 48ED7C6E1C031F01000A368F /* LaunchScreen.storyboard */; };
/* End PBXBuildFile section */

/* Begin PBXFileReference section */
		4845C37C1C495763002F80E5 /* AppDelegate.swift */ = {isa = PBXFileReference; fileEncoding = 4; lastKnownFileType = sourcecode.swift; name = AppDelegate.swift; path = "helloworld-ios-app/AppDelegate.swift"; sourceTree = SOURCE_ROOT; };
		4845C37E1C49576A002F80E5 /* HomeViewController.swift */ = {isa = PBXFileReference; fileEncoding = 4; lastKnownFileType = sourcecode.swift; name = HomeViewController.swift; path = "helloworld-ios-app/HomeViewController.swift"; sourceTree = SOURCE_ROOT; };
		4845C3801C495774002F80E5 /* Images.xcassets */ = {isa = PBXFileReference; lastKnownFileType = folder.assetcatalog; name = Images.xcassets; path = "helloworld-ios-app/Images.xcassets"; sourceTree = SOURCE_ROOT; };
		4845C3821C49579D002F80E5 /* helloworld-ios-app-Info.plist */ = {isa = PBXFileReference; fileEncoding = 4; lastKnownFileType = text.plist.xml; name = "helloworld-ios-app-Info.plist"; path = "helloworld-ios-app/helloworld-ios-app-Info.plist"; sourceTree = SOURCE_ROOT; };
		4845C3841C4957A4002F80E5 /* fhconfig.plist */ = {isa = PBXFileReference; fileEncoding = 4; lastKnownFileType = text.plist.xml; name = fhconfig.plist; path = "helloworld-ios-app/fhconfig.plist"; sourceTree = SOURCE_ROOT; };
		48ED7C371C03192D000A368F /* helloworld-ios-app.app */ = {isa = PBXFileReference; explicitFileType = wrapper.application; includeInIndex = 0; path = "helloworld-ios-app.app"; sourceTree = BUILT_PRODUCTS_DIR; };
		48ED7C581C031A02000A368F /* Storyboard.storyboard */ = {isa = PBXFileReference; fileEncoding = 4; lastKnownFileType = file.storyboard; path = Storyboard.storyboard; sourceTree = SOURCE_ROOT; };
		48ED7C5C1C031AD2000A368F /* libxml2.tbd */ = {isa = PBXFileReference; lastKnownFileType = "sourcecode.text-based-dylib-definition"; name = libxml2.tbd; path = usr/lib/libxml2.tbd; sourceTree = SDKROOT; };
		48ED7C5E1C031AD8000A368F /* libz.tbd */ = {isa = PBXFileReference; lastKnownFileType = "sourcecode.text-based-dylib-definition"; name = libz.tbd; path = usr/lib/libz.tbd; sourceTree = SDKROOT; };
		48ED7C601C031C3C000A368F /* CFNetwork.framework */ = {isa = PBXFileReference; lastKnownFileType = wrapper.framework; name = CFNetwork.framework; path = System/Library/Frameworks/CFNetwork.framework; sourceTree = SDKROOT; };
		48ED7C621C031CA5000A368F /* SystemConfiguration.framework */ = {isa = PBXFileReference; lastKnownFileType = wrapper.framework; name = SystemConfiguration.framework; path = System/Library/Frameworks/SystemConfiguration.framework; sourceTree = SDKROOT; };
		48ED7C641C031CAC000A368F /* MobileCoreServices.framework */ = {isa = PBXFileReference; lastKnownFileType = wrapper.framework; name = MobileCoreServices.framework; path = System/Library/Frameworks/MobileCoreServices.framework; sourceTree = SDKROOT; };
		48ED7C661C031CB8000A368F /* CoreGraphics.framework */ = {isa = PBXFileReference; lastKnownFileType = wrapper.framework; name = CoreGraphics.framework; path = System/Library/Frameworks/CoreGraphics.framework; sourceTree = SDKROOT; };
		48ED7C681C031CC0000A368F /* UIKit.framework */ = {isa = PBXFileReference; lastKnownFileType = wrapper.framework; name = UIKit.framework; path = System/Library/Frameworks/UIKit.framework; sourceTree = SDKROOT; };
		48ED7C6A1C031CCB000A368F /* Foundation.framework */ = {isa = PBXFileReference; lastKnownFileType = wrapper.framework; name = Foundation.framework; path = System/Library/Frameworks/Foundation.framework; sourceTree = SDKROOT; };
		48ED7C6E1C031F01000A368F /* LaunchScreen.storyboard */ = {isa = PBXFileReference; fileEncoding = 4; lastKnownFileType = file.storyboard; path = LaunchScreen.storyboard; sourceTree = SOURCE_ROOT; };
/* End PBXFileReference section */

/* Begin PBXFrameworksBuildPhase section */
		48ED7C341C03192D000A368F /* Frameworks */ = {
			isa = PBXFrameworksBuildPhase;
			buildActionMask = 2147483647;
			files = (
				48ED7C6B1C031CCB000A368F /* Foundation.framework in Frameworks */,
				48ED7C691C031CC0000A368F /* UIKit.framework in Frameworks */,
				48ED7C671C031CB8000A368F /* CoreGraphics.framework in Frameworks */,
				48ED7C651C031CAC000A368F /* MobileCoreServices.framework in Frameworks */,
				48ED7C631C031CA5000A368F /* SystemConfiguration.framework in Frameworks */,
				48ED7C611C031C3C000A368F /* CFNetwork.framework in Frameworks */,
				48ED7C5F1C031AD8000A368F /* libz.tbd in Frameworks */,
				48ED7C5D1C031AD2000A368F /* libxml2.tbd in Frameworks */,
			);
			runOnlyForDeploymentPostprocessing = 0;
		};
/* End PBXFrameworksBuildPhase section */

/* Begin PBXGroup section */
		48ED7C2E1C03192D000A368F = {
			isa = PBXGroup;
			children = (
				48ED7C391C03192D000A368F /* helloworld-ios-app */,
				48ED7C701C0322CE000A368F /* Frameworks */,
				48ED7C381C03192D000A368F /* Products */,
			);
			sourceTree = "<group>";
		};
		48ED7C381C03192D000A368F /* Products */ = {
			isa = PBXGroup;
			children = (
				48ED7C371C03192D000A368F /* helloworld-ios-app.app */,
			);
			name = Products;
			sourceTree = "<group>";
		};
		48ED7C391C03192D000A368F /* helloworld-ios-app */ = {
			isa = PBXGroup;
			children = (
				4845C37C1C495763002F80E5 /* AppDelegate.swift */,
				4845C37E1C49576A002F80E5 /* HomeViewController.swift */,
				48ED7C6E1C031F01000A368F /* LaunchScreen.storyboard */,
				48ED7C581C031A02000A368F /* Storyboard.storyboard */,
				4845C3801C495774002F80E5 /* Images.xcassets */,
				4845C3821C49579D002F80E5 /* helloworld-ios-app-Info.plist */,
				4845C3841C4957A4002F80E5 /* fhconfig.plist */,
			);
			name = "helloworld-ios-app";
			path = "Helloworld-app-iOS";
			sourceTree = "<group>";
		};
		48ED7C701C0322CE000A368F /* Frameworks */ = {
			isa = PBXGroup;
			children = (
				48ED7C6A1C031CCB000A368F /* Foundation.framework */,
				48ED7C681C031CC0000A368F /* UIKit.framework */,
				48ED7C661C031CB8000A368F /* CoreGraphics.framework */,
				48ED7C641C031CAC000A368F /* MobileCoreServices.framework */,
				48ED7C621C031CA5000A368F /* SystemConfiguration.framework */,
				48ED7C601C031C3C000A368F /* CFNetwork.framework */,
				48ED7C5E1C031AD8000A368F /* libz.tbd */,
				48ED7C5C1C031AD2000A368F /* libxml2.tbd */,
			);
			name = Frameworks;
			sourceTree = "<group>";
		};
/* End PBXGroup section */

/* Begin PBXNativeTarget section */
		48ED7C361C03192D000A368F /* helloworld-ios-app */ = {
			isa = PBXNativeTarget;
			buildConfigurationList = 48ED7C491C03192D000A368F /* Build configuration list for PBXNativeTarget "helloworld-ios-app" */;
			buildPhases = (
				48ED7C331C03192D000A368F /* Sources */,
				48ED7C341C03192D000A368F /* Frameworks */,
				48ED7C351C03192D000A368F /* Resources */,
			);
			buildRules = (
			);
			dependencies = (
			);
			name = "helloworld-ios-app";
			productName = "Helloworld-app-iOS";
			productReference = 48ED7C371C03192D000A368F /* helloworld-ios-app.app */;
			productType = "com.apple.product-type.application";
		};
/* End PBXNativeTarget section */

/* Begin PBXProject section */
		48ED7C2F1C03192D000A368F /* Project object */ = {
			isa = PBXProject;
			attributes = {
				LastSwiftUpdateCheck = 0710;
				LastUpgradeCheck = 0710;
				ORGANIZATIONNAME = FeedHenry;
				TargetAttributes = {
					48ED7C361C03192D000A368F = {
						CreatedOnToolsVersion = 7.1.1;
					};
				};
			};
			buildConfigurationList = 48ED7C321C03192D000A368F /* Build configuration list for PBXProject "helloworld-ios-app" */;
			compatibilityVersion = "Xcode 3.2";
			developmentRegion = English;
			hasScannedForEncodings = 0;
			knownRegions = (
				en,
				Base,
			);
			mainGroup = 48ED7C2E1C03192D000A368F;
			productRefGroup = 48ED7C381C03192D000A368F /* Products */;
			projectDirPath = "";
			projectRoot = "";
			targets = (
				48ED7C361C03192D000A368F /* helloworld-ios-app */,
			);
		};
/* End PBXProject section */

/* Begin PBXResourcesBuildPhase section */
		48ED7C351C03192D000A368F /* Resources */ = {
			isa = PBXResourcesBuildPhase;
			buildActionMask = 2147483647;
			files = (
				48ED7C6F1C031F01000A368F /* LaunchScreen.storyboard in Resources */,
				4845C3851C4957A4002F80E5 /* fhconfig.plist in Resources */,
				4845C3811C495774002F80E5 /* Images.xcassets in Resources */,
				4845C3831C49579D002F80E5 /* helloworld-ios-app-Info.plist in Resources */,
				48ED7C591C031A02000A368F /* Storyboard.storyboard in Resources */,
			);
			runOnlyForDeploymentPostprocessing = 0;
		};
/* End PBXResourcesBuildPhase section */

/* Begin PBXSourcesBuildPhase section */
		48ED7C331C03192D000A368F /* Sources */ = {
			isa = PBXSourcesBuildPhase;
			buildActionMask = 2147483647;
			files = (
				4845C37D1C495763002F80E5 /* AppDelegate.swift in Sources */,
				4845C37F1C49576A002F80E5 /* HomeViewController.swift in Sources */,
			);
			runOnlyForDeploymentPostprocessing = 0;
		};
/* End PBXSourcesBuildPhase section */

/* Begin XCBuildConfiguration section */
		48ED7C471C03192D000A368F /* Debug */ = {
			isa = XCBuildConfiguration;
			buildSettings = {
				ALWAYS_SEARCH_USER_PATHS = NO;
				CLANG_CXX_LANGUAGE_STANDARD = "gnu++0x";
				CLANG_CXX_LIBRARY = "libc++";
				CLANG_ENABLE_MODULES = YES;
				CLANG_ENABLE_OBJC_ARC = YES;
				CLANG_WARN_BOOL_CONVERSION = YES;
				CLANG_WARN_CONSTANT_CONVERSION = YES;
				CLANG_WARN_DIRECT_OBJC_ISA_USAGE = YES_ERROR;
				CLANG_WARN_EMPTY_BODY = YES;
				CLANG_WARN_ENUM_CONVERSION = YES;
				CLANG_WARN_INT_CONVERSION = YES;
				CLANG_WARN_OBJC_ROOT_CLASS = YES_ERROR;
				CLANG_WARN_UNREACHABLE_CODE = YES;
				CLANG_WARN__DUPLICATE_METHOD_MATCH = YES;
				"CODE_SIGN_IDENTITY[sdk=iphoneos*]" = "iPhone Developer";
				COPY_PHASE_STRIP = NO;
				DEBUG_INFORMATION_FORMAT = dwarf;
				ENABLE_STRICT_OBJC_MSGSEND = YES;
				ENABLE_TESTABILITY = YES;
				GCC_C_LANGUAGE_STANDARD = gnu99;
				GCC_DYNAMIC_NO_PIC = NO;
				GCC_NO_COMMON_BLOCKS = YES;
				GCC_OPTIMIZATION_LEVEL = 0;
				GCC_PREPROCESSOR_DEFINITIONS = (
					"DEBUG=1",
					"$(inherited)",
				);
				GCC_WARN_64_TO_32_BIT_CONVERSION = YES;
				GCC_WARN_ABOUT_RETURN_TYPE = YES_ERROR;
				GCC_WARN_UNDECLARED_SELECTOR = YES;
				GCC_WARN_UNINITIALIZED_AUTOS = YES_AGGRESSIVE;
				GCC_WARN_UNUSED_FUNCTION = YES;
				GCC_WARN_UNUSED_VARIABLE = YES;
				IPHONEOS_DEPLOYMENT_TARGET = 7.0;
				MTL_ENABLE_DEBUG_INFO = YES;
				ONLY_ACTIVE_ARCH = YES;
				SDKROOT = iphoneos;
				SWIFT_OPTIMIZATION_LEVEL = "-Onone";
				TARGETED_DEVICE_FAMILY = "1,2";
			};
			name = Debug;
		};
		48ED7C481C03192D000A368F /* Release */ = {
			isa = XCBuildConfiguration;
			buildSettings = {
				ALWAYS_SEARCH_USER_PATHS = NO;
				CLANG_CXX_LANGUAGE_STANDARD = "gnu++0x";
				CLANG_CXX_LIBRARY = "libc++";
				CLANG_ENABLE_MODULES = YES;
				CLANG_ENABLE_OBJC_ARC = YES;
				CLANG_WARN_BOOL_CONVERSION = YES;
				CLANG_WARN_CONSTANT_CONVERSION = YES;
				CLANG_WARN_DIRECT_OBJC_ISA_USAGE = YES_ERROR;
				CLANG_WARN_EMPTY_BODY = YES;
				CLANG_WARN_ENUM_CONVERSION = YES;
				CLANG_WARN_INT_CONVERSION = YES;
				CLANG_WARN_OBJC_ROOT_CLASS = YES_ERROR;
				CLANG_WARN_UNREACHABLE_CODE = YES;
				CLANG_WARN__DUPLICATE_METHOD_MATCH = YES;
				"CODE_SIGN_IDENTITY[sdk=iphoneos*]" = "iPhone Developer";
				COPY_PHASE_STRIP = NO;
				DEBUG_INFORMATION_FORMAT = "dwarf-with-dsym";
				ENABLE_NS_ASSERTIONS = NO;
				ENABLE_STRICT_OBJC_MSGSEND = YES;
				GCC_C_LANGUAGE_STANDARD = gnu99;
				GCC_NO_COMMON_BLOCKS = YES;
				GCC_WARN_64_TO_32_BIT_CONVERSION = YES;
				GCC_WARN_ABOUT_RETURN_TYPE = YES_ERROR;
				GCC_WARN_UNDECLARED_SELECTOR = YES;
				GCC_WARN_UNINITIALIZED_AUTOS = YES_AGGRESSIVE;
				GCC_WARN_UNUSED_FUNCTION = YES;
				GCC_WARN_UNUSED_VARIABLE = YES;
				IPHONEOS_DEPLOYMENT_TARGET = 7.0;
				MTL_ENABLE_DEBUG_INFO = NO;
				SDKROOT = iphoneos;
				TARGETED_DEVICE_FAMILY = "1,2";
				VALIDATE_PRODUCT = YES;
			};
			name = Release;
		};
		48ED7C4A1C03192D000A368F /* Debug */ = {
			isa = XCBuildConfiguration;
			buildSettings = {
				ASSETCATALOG_COMPILER_APPICON_NAME = AppIcon;
				FRAMEWORK_SEARCH_PATHS = (
					"$(inherited)",
					"$(PROJECT_DIR)",
				);
				INFOPLIST_FILE = "$(SRCROOT)/helloworld-ios-app/helloworld-ios-app-Info.plist";
				IPHONEOS_DEPLOYMENT_TARGET = 7.0;
				LD_RUNPATH_SEARCH_PATHS = "$(inherited) @executable_path/Frameworks";
				OTHER_LDFLAGS = "-ObjC";
				PRODUCT_BUNDLE_IDENTIFIER = "org.feedhenry.Helloworld-app-iOS";
				PRODUCT_NAME = "helloworld-ios-app";
			};
			name = Debug;
		};
		48ED7C4B1C03192D000A368F /* Release */ = {
			isa = XCBuildConfiguration;
			buildSettings = {
				ASSETCATALOG_COMPILER_APPICON_NAME = AppIcon;
				FRAMEWORK_SEARCH_PATHS = (
					"$(inherited)",
					"$(PROJECT_DIR)",
				);
				INFOPLIST_FILE = "$(SRCROOT)/helloworld-ios-app/helloworld-ios-app-Info.plist";
				IPHONEOS_DEPLOYMENT_TARGET = 7.0;
				LD_RUNPATH_SEARCH_PATHS = "$(inherited) @executable_path/Frameworks";
				OTHER_LDFLAGS = "-ObjC";
				PRODUCT_BUNDLE_IDENTIFIER = "org.feedhenry.Helloworld-app-iOS";
				PRODUCT_NAME = "helloworld-ios-app";
			};
			name = Release;
		};
/* End XCBuildConfiguration section */

/* Begin XCConfigurationList section */
		48ED7C321C03192D000A368F /* Build configuration list for PBXProject "helloworld-ios-app" */ = {
			isa = XCConfigurationList;
			buildConfigurations = (
				48ED7C471C03192D000A368F /* Debug */,
				48ED7C481C03192D000A368F /* Release */,
			);
			defaultConfigurationIsVisible = 0;
			defaultConfigurationName = Release;
		};
		48ED7C491C03192D000A368F /* Build configuration list for PBXNativeTarget "helloworld-ios-app" */ = {
			isa = XCConfigurationList;
			buildConfigurations = (
				48ED7C4A1C03192D000A368F /* Debug */,
				48ED7C4B1C03192D000A368F /* Release */,
			);
			defaultConfigurationIsVisible = 0;
			defaultConfigurationName = Release;
		};
/* End XCConfigurationList section */
	};
	rootObject = 48ED7C2F1C03192D000A368F /* Project object */;
}
